
Microsoft Visual Studio Solution File, Format Version 12.00
# Visual Studio Version 17
VisualStudioVersion = 17.14.36121.58 d17.14
MinimumVisualStudioVersion = 10.0.40219.1
Project("{FAE04EC0-301F-11D3-BF4B-00C04F79EFBC}") = "InstallerApk", "InstallerApk.csproj", "{F1C85207-2624-477F-864E-E60C1F982657}"
EndProject
Global
	GlobalSection(SolutionConfigurationPlatforms) = preSolution
		Debug|Any CPU = Debug|Any CPU
		Release|Any CPU = Release|Any CPU
	EndGlobalSection
	GlobalSection(ProjectConfigurationPlatforms) = postSolution
		{F1C85207-2624-477F-864E-E60C1F982657}.Debug|Any CPU.ActiveCfg = Debug|Any CPU
		{F1C85207-2624-477F-864E-E60C1F982657}.Debug|Any CPU.Build.0 = Debug|Any CPU
		{F1C85207-2624-477F-864E-E60C1F982657}.Release|Any CPU.ActiveCfg = Release|Any CPU
		{F1C85207-2624-477F-864E-E60C1F982657}.Release|Any CPU.Build.0 = Release|Any CPU
	EndGlobalSection
	GlobalSection(SolutionProperties) = preSolution
		HideSolutionNode = FALSE
	EndGlobalSection
	GlobalSection(ExtensibilityGlobals) = postSolution
		SolutionGuid = {B1011EE1-D297-46AC-A081-0962E99B766E}
	EndGlobalSection
EndGlobal
